
Microsoft Visual Studio Solution File, Format Version 12.00
# Visual Studio 15
VisualStudioVersion = 15.0.27428.2015
MinimumVisualStudioVersion = 10.0.40219.1
Project("{FAE04EC0-301F-11D3-BF4B-00C04F79EFBC}") = "FileEngine", "FileEngine\FileEngine.csproj", "{AECE694E-FD8C-4F7B-9CCB-87EC15F2B1BA}"
EndProject
Project("{FAE04EC0-301F-11D3-BF4B-00C04F79EFBC}") = "FileEngine.Tests", "FileEngine.Tests\FileEngine.Tests.csproj", "{E8BF2065-9DB2-46C2-A387-944B73FB9E25}"
EndProject
Project("{FAE04EC0-301F-11D3-BF4B-00C04F79EFBC}") = "Client", "Client\Client.csproj", "{D4A17272-BEBD-48D3-B68A-2F13FE1A3BB7}"
EndProject
Global
	GlobalSection(SolutionConfigurationPlatforms) = preSolution
		Debug|Any CPU = Debug|Any CPU
		Release|Any CPU = Release|Any CPU
	EndGlobalSection
	GlobalSection(ProjectConfigurationPlatforms) = postSolution
		{AECE694E-FD8C-4F7B-9CCB-87EC15F2B1BA}.Debug|Any CPU.ActiveCfg = Debug|Any CPU
		{AECE694E-FD8C-4F7B-9CCB-87EC15F2B1BA}.Debug|Any CPU.Build.0 = Debug|Any CPU
		{AECE694E-FD8C-4F7B-9CCB-87EC15F2B1BA}.Release|Any CPU.ActiveCfg = Release|Any CPU
		{AECE694E-FD8C-4F7B-9CCB-87EC15F2B1BA}.Release|Any CPU.Build.0 = Release|Any CPU
		{E8BF2065-9DB2-46C2-A387-944B73FB9E25}.Debug|Any CPU.ActiveCfg = Debug|Any CPU
		{E8BF2065-9DB2-46C2-A387-944B73FB9E25}.Debug|Any CPU.Build.0 = Debug|Any CPU
		{E8BF2065-9DB2-46C2-A387-944B73FB9E25}.Release|Any CPU.ActiveCfg = Release|Any CPU
		{E8BF2065-9DB2-46C2-A387-944B73FB9E25}.Release|Any CPU.Build.0 = Release|Any CPU
		{D4A17272-BEBD-48D3-B68A-2F13FE1A3BB7}.Debug|Any CPU.ActiveCfg = Debug|Any CPU
		{D4A17272-BEBD-48D3-B68A-2F13FE1A3BB7}.Debug|Any CPU.Build.0 = Debug|Any CPU
		{D4A17272-BEBD-48D3-B68A-2F13FE1A3BB7}.Release|Any CPU.ActiveCfg = Release|Any CPU
		{D4A17272-BEBD-48D3-B68A-2F13FE1A3BB7}.Release|Any CPU.Build.0 = Release|Any CPU
	EndGlobalSection
	GlobalSection(SolutionProperties) = preSolution
		HideSolutionNode = FALSE
	EndGlobalSection
	GlobalSection(ExtensibilityGlobals) = postSolution
		SolutionGuid = {12B43F78-6E0B-4249-8386-99CEFB941F7C}
	EndGlobalSection
EndGlobal
